
Microsoft Visual Studio Solution File, Format Version 12.00
# Visual Studio Version 16
VisualStudioVersion = 16.0.31019.35
MinimumVisualStudioVersion = 10.0.40219.1
Project("{FAE04EC0-301F-11D3-BF4B-00C04F79EFBC}") = "seccond", "seccond\seccond.csproj", "{1C2FBD3E-2A98-4AB5-87DA-FDCD14DDECEB}"
EndProject
Global
	GlobalSection(SolutionConfigurationPlatforms) = preSolution
		Debug|Any CPU = Debug|Any CPU
		Release|Any CPU = Release|Any CPU
	EndGlobalSection
	GlobalSection(ProjectConfigurationPlatforms) = postSolution
		{1C2FBD3E-2A98-4AB5-87DA-FDCD14DDECEB}.Debug|Any CPU.ActiveCfg = Debug|Any CPU
		{1C2FBD3E-2A98-4AB5-87DA-FDCD14DDECEB}.Debug|Any CPU.Build.0 = Debug|Any CPU
		{1C2FBD3E-2A98-4AB5-87DA-FDCD14DDECEB}.Release|Any CPU.ActiveCfg = Release|Any CPU
		{1C2FBD3E-2A98-4AB5-87DA-FDCD14DDECEB}.Release|Any CPU.Build.0 = Release|Any CPU
	EndGlobalSection
	GlobalSection(SolutionProperties) = preSolution
		HideSolutionNode = FALSE
	EndGlobalSection
	GlobalSection(ExtensibilityGlobals) = postSolution
		SolutionGuid = {AD4E8732-87EA-4C94-B3EE-2510F3996A49}
	EndGlobalSection
EndGlobal
